{
  "name": "bundledkrall_npmpackage",
  "version": "1.0.0",
  "lockfileVersion": 3,
  "requires": true,
  "packages": {
    "": {
      "name": "bundledkrall_npmpackage",
      "version": "1.0.0",
      "license": "ISC",
      "dependencies": {
        "krall-npmtest": "^1.0.1"
      }
    },
    "node_modules/krall-npmtest": {
      "version": "1.0.1",
      "resolved": "https://registry.npmjs.org/krall-npmtest/-/krall-npmtest-1.0.1.tgz",
      "integrity": "sha512-LIp7JAIF4SctGHG4jkDmgfdURySHWmhl82nGXiwPTRPwoajmes3JOxImHHAgKbJCV8XsNPgV+Vq6abnvBLsAQg=="
    }
  }
}
